
Microsoft Visual Studio Solution File, Format Version 12.00
# Visual Studio Version 17
VisualStudioVersion = 17.14.36518.9 d17.14
MinimumVisualStudioVersion = 10.0.40219.1
Project("{FAE04EC0-301F-11D3-BF4B-00C04F79EFBC}") = "StudentManagementSystem", "StudentManagementSystem\StudentManagementSystem.csproj", "{2CFB37CA-6369-4F01-89CC-7F8BCD7042D4}"
EndProject
Global
	GlobalSection(SolutionConfigurationPlatforms) = preSolution
		Debug|Any CPU = Debug|Any CPU
		Release|Any CPU = Release|Any CPU
	EndGlobalSection
	GlobalSection(ProjectConfigurationPlatforms) = postSolution
		{2CFB37CA-6369-4F01-89CC-7F8BCD7042D4}.Debug|Any CPU.ActiveCfg = Debug|Any CPU
		{2CFB37CA-6369-4F01-89CC-7F8BCD7042D4}.Debug|Any CPU.Build.0 = Debug|Any CPU
		{2CFB37CA-6369-4F01-89CC-7F8BCD7042D4}.Release|Any CPU.ActiveCfg = Release|Any CPU
		{2CFB37CA-6369-4F01-89CC-7F8BCD7042D4}.Release|Any CPU.Build.0 = Release|Any CPU
	EndGlobalSection
	GlobalSection(SolutionProperties) = preSolution
		HideSolutionNode = FALSE
	EndGlobalSection
	GlobalSection(ExtensibilityGlobals) = postSolution
		SolutionGuid = {F26931EC-AA53-49DA-B819-309852E3469E}
	EndGlobalSection
EndGlobal
